
Microsoft Visual Studio Solution File, Format Version 12.00
# Visual Studio Version 17
VisualStudioVersion = 17.9.34728.123
MinimumVisualStudioVersion = 10.0.40219.1
Project("{FAE04EC0-301F-11D3-BF4B-00C04F79EFBC}") = "WebAppGH", "WebAppGH\WebAppGH.csproj", "{AF65E3E5-CB1E-450D-BEA6-5B999B7792BB}"
EndProject
Global
	GlobalSection(SolutionConfigurationPlatforms) = preSolution
		Debug|Any CPU = Debug|Any CPU
		Release|Any CPU = Release|Any CPU
	EndGlobalSection
	GlobalSection(ProjectConfigurationPlatforms) = postSolution
		{AF65E3E5-CB1E-450D-BEA6-5B999B7792BB}.Debug|Any CPU.ActiveCfg = Debug|Any CPU
		{AF65E3E5-CB1E-450D-BEA6-5B999B7792BB}.Debug|Any CPU.Build.0 = Debug|Any CPU
		{AF65E3E5-CB1E-450D-BEA6-5B999B7792BB}.Release|Any CPU.ActiveCfg = Release|Any CPU
		{AF65E3E5-CB1E-450D-BEA6-5B999B7792BB}.Release|Any CPU.Build.0 = Release|Any CPU
	EndGlobalSection
	GlobalSection(SolutionProperties) = preSolution
		HideSolutionNode = FALSE
	EndGlobalSection
	GlobalSection(ExtensibilityGlobals) = postSolution
		SolutionGuid = {BE3F7887-DEE8-43C2-8DDD-CA4FDB4B4B72}
	EndGlobalSection
EndGlobal
